
Microsoft Visual Studio Solution File, Format Version 12.00
# Visual Studio Version 17
VisualStudioVersion = 17.4.33205.214
MinimumVisualStudioVersion = 10.0.40219.1
Project("{FAE04EC0-301F-11D3-BF4B-00C04F79EFBC}") = "NaidisForm", "NaidisForm\NaidisForm.csproj", "{D2CB45D4-C164-404C-9AAC-D0DB175655A4}"
EndProject
Global
	GlobalSection(SolutionConfigurationPlatforms) = preSolution
		Debug|Any CPU = Debug|Any CPU
		Release|Any CPU = Release|Any CPU
	EndGlobalSection
	GlobalSection(ProjectConfigurationPlatforms) = postSolution
		{D2CB45D4-C164-404C-9AAC-D0DB175655A4}.Debug|Any CPU.ActiveCfg = Debug|Any CPU
		{D2CB45D4-C164-404C-9AAC-D0DB175655A4}.Debug|Any CPU.Build.0 = Debug|Any CPU
		{D2CB45D4-C164-404C-9AAC-D0DB175655A4}.Release|Any CPU.ActiveCfg = Release|Any CPU
		{D2CB45D4-C164-404C-9AAC-D0DB175655A4}.Release|Any CPU.Build.0 = Release|Any CPU
	EndGlobalSection
	GlobalSection(SolutionProperties) = preSolution
		HideSolutionNode = FALSE
	EndGlobalSection
	GlobalSection(ExtensibilityGlobals) = postSolution
		SolutionGuid = {26D087DE-676A-4D72-806F-B26DBC044437}
	EndGlobalSection
EndGlobal
